
Microsoft Visual Studio Solution File, Format Version 12.00
# Visual Studio 15
VisualStudioVersion = 15.0.27004.2008
MinimumVisualStudioVersion = 10.0.40219.1
Project("{FAE04EC0-301F-11D3-BF4B-00C04F79EFBC}") = "Labels", "Barcodes\Labels.csproj", "{1B45936E-98AE-4922-ACF1-0C0B6DD9AE5B}"
EndProject
Global
	GlobalSection(SolutionConfigurationPlatforms) = preSolution
		Debug|Any CPU = Debug|Any CPU
		Debug|x86 = Debug|x86
		Release|Any CPU = Release|Any CPU
		Release|x86 = Release|x86
	EndGlobalSection
	GlobalSection(ProjectConfigurationPlatforms) = postSolution
		{1B45936E-98AE-4922-ACF1-0C0B6DD9AE5B}.Debug|Any CPU.ActiveCfg = Debug|Any CPU
		{1B45936E-98AE-4922-ACF1-0C0B6DD9AE5B}.Debug|Any CPU.Build.0 = Debug|Any CPU
		{1B45936E-98AE-4922-ACF1-0C0B6DD9AE5B}.Debug|x86.ActiveCfg = Debug|x86
		{1B45936E-98AE-4922-ACF1-0C0B6DD9AE5B}.Debug|x86.Build.0 = Debug|x86
		{1B45936E-98AE-4922-ACF1-0C0B6DD9AE5B}.Release|Any CPU.ActiveCfg = Release|Any CPU
		{1B45936E-98AE-4922-ACF1-0C0B6DD9AE5B}.Release|Any CPU.Build.0 = Release|Any CPU
		{1B45936E-98AE-4922-ACF1-0C0B6DD9AE5B}.Release|x86.ActiveCfg = Release|x86
		{1B45936E-98AE-4922-ACF1-0C0B6DD9AE5B}.Release|x86.Build.0 = Release|x86
	EndGlobalSection
	GlobalSection(SolutionProperties) = preSolution
		HideSolutionNode = FALSE
	EndGlobalSection
	GlobalSection(ExtensibilityGlobals) = postSolution
		SolutionGuid = {00B191FF-7D1C-4F98-9E05-87E98823EA61}
	EndGlobalSection
EndGlobal
